// !$*UTF8*$!
{
	archiveVersion = 1;
	classes = {
	};
	objectVersion = 50;
	objects = {

/* Begin PBXBuildFile section */
		04269A8621192C5F009251DD /* HLHJSingupHeadView.h in Headers */ = {isa = PBXBuildFile; fileRef = 04269A8421192C5F009251DD /* HLHJSingupHeadView.h */; };
		04269A8721192C60009251DD /* HLHJSingupHeadView.m in Sources */ = {isa = PBXBuildFile; fileRef = 04269A8521192C5F009251DD /* HLHJSingupHeadView.m */; };
		04269A8A211930D9009251DD /* UIView+HLHJGradient.m in Sources */ = {isa = PBXBuildFile; fileRef = 04269A88211930D8009251DD /* UIView+HLHJGradient.m */; };
		04269A8B211930D9009251DD /* UIView+HLHJGradient.h in Headers */ = {isa = PBXBuildFile; fileRef = 04269A89211930D8009251DD /* UIView+HLHJGradient.h */; };
		04269A8E211931E2009251DD /* HLHJSingupContentView.h in Headers */ = {isa = PBXBuildFile; fileRef = 04269A8C211931E2009251DD /* HLHJSingupContentView.h */; };
		04269A8F211931E2009251DD /* HLHJSingupContentView.m in Sources */ = {isa = PBXBuildFile; fileRef = 04269A8D211931E2009251DD /* HLHJSingupContentView.m */; };
		04269A942119406C009251DD /* HLHJVoteToast.h in Headers */ = {isa = PBXBuildFile; fileRef = 04269A922119406C009251DD /* HLHJVoteToast.h */; };
		04269A952119406C009251DD /* HLHJVoteToast.m in Sources */ = {isa = PBXBuildFile; fileRef = 04269A932119406C009251DD /* HLHJVoteToast.m */; };
		04269A98211940CD009251DD /* UIColor+HLHJVoteHex.h in Headers */ = {isa = PBXBuildFile; fileRef = 04269A96211940CD009251DD /* UIColor+HLHJVoteHex.h */; };
		04269A99211940CD009251DD /* UIColor+HLHJVoteHex.m in Sources */ = {isa = PBXBuildFile; fileRef = 04269A97211940CD009251DD /* UIColor+HLHJVoteHex.m */; };
		04269A9C21194899009251DD /* HLHJVoteRuleView.h in Headers */ = {isa = PBXBuildFile; fileRef = 04269A9A21194899009251DD /* HLHJVoteRuleView.h */; };
		04269A9D21194899009251DD /* HLHJVoteRuleView.m in Sources */ = {isa = PBXBuildFile; fileRef = 04269A9B21194899009251DD /* HLHJVoteRuleView.m */; };
		04269AA021194E5F009251DD /* HLHJVoteRuleTableCell.h in Headers */ = {isa = PBXBuildFile; fileRef = 04269A9E21194E5F009251DD /* HLHJVoteRuleTableCell.h */; };
		04269AA121194E5F009251DD /* HLHJVoteRuleTableCell.m in Sources */ = {isa = PBXBuildFile; fileRef = 04269A9F21194E5F009251DD /* HLHJVoteRuleTableCell.m */; };
		04269AA421196FDC009251DD /* HLHJVotePayController.h in Headers */ = {isa = PBXBuildFile; fileRef = 04269AA221196FDC009251DD /* HLHJVotePayController.h */; };
		04269AA521196FDC009251DD /* HLHJVotePayController.m in Sources */ = {isa = PBXBuildFile; fileRef = 04269AA321196FDC009251DD /* HLHJVotePayController.m */; };
		04269AA821197BE0009251DD /* HLHJPaySowView.h in Headers */ = {isa = PBXBuildFile; fileRef = 04269AA621197BE0009251DD /* HLHJPaySowView.h */; };
		04269AA921197BE0009251DD /* HLHJPaySowView.m in Sources */ = {isa = PBXBuildFile; fileRef = 04269AA721197BE0009251DD /* HLHJPaySowView.m */; };
		042FD7B32123F3EF00E38AE0 /* HLHJAlertViewTools.h in Headers */ = {isa = PBXBuildFile; fileRef = 042FD7B12123F3EF00E38AE0 /* HLHJAlertViewTools.h */; };
		042FD7B42123F3EF00E38AE0 /* HLHJAlertViewTools.m in Sources */ = {isa = PBXBuildFile; fileRef = 042FD7B22123F3EF00E38AE0 /* HLHJAlertViewTools.m */; };
		043DA111212264A7009C7A3F /* HLHJVoteCompetitorListModel.h in Headers */ = {isa = PBXBuildFile; fileRef = 043DA10F212264A7009C7A3F /* HLHJVoteCompetitorListModel.h */; };
		043DA112212264A7009C7A3F /* HLHJVoteCompetitorListModel.m in Sources */ = {isa = PBXBuildFile; fileRef = 043DA110212264A7009C7A3F /* HLHJVoteCompetitorListModel.m */; };
		043DA11521226E58009C7A3F /* HLHJVoteActivityDetilModel.h in Headers */ = {isa = PBXBuildFile; fileRef = 043DA11321226E58009C7A3F /* HLHJVoteActivityDetilModel.h */; };
		043DA11621226E58009C7A3F /* HLHJVoteActivityDetilModel.m in Sources */ = {isa = PBXBuildFile; fileRef = 043DA11421226E58009C7A3F /* HLHJVoteActivityDetilModel.m */; };
		043DA1192122701F009C7A3F /* HLHJUUID.h in Headers */ = {isa = PBXBuildFile; fileRef = 043DA1172122701F009C7A3F /* HLHJUUID.h */; };
		043DA11A2122701F009C7A3F /* HLHJUUID.m in Sources */ = {isa = PBXBuildFile; fileRef = 043DA1182122701F009C7A3F /* HLHJUUID.m */; };
		043DA1212122D8EA009C7A3F /* Security.framework in Frameworks */ = {isa = PBXBuildFile; fileRef = 043DA1202122D8EA009C7A3F /* Security.framework */; };
		044493B7212E5040003ADC84 /* HLHJNavBarView.h in Headers */ = {isa = PBXBuildFile; fileRef = 044493B5212E5040003ADC84 /* HLHJNavBarView.h */; };
		044493B8212E5040003ADC84 /* HLHJNavBarView.m in Sources */ = {isa = PBXBuildFile; fileRef = 044493B6212E5040003ADC84 /* HLHJNavBarView.m */; };
		04555DED212182630025047E /* HLHJVoteNetWorkTool.h in Headers */ = {isa = PBXBuildFile; fileRef = 04555DEB212182630025047E /* HLHJVoteNetWorkTool.h */; };
		04555DEE212182630025047E /* HLHJVoteNetWorkTool.m in Sources */ = {isa = PBXBuildFile; fileRef = 04555DEC212182630025047E /* HLHJVoteNetWorkTool.m */; };
		04555DF12121845F0025047E /* HLHJVoteActivtyListModel.h in Headers */ = {isa = PBXBuildFile; fileRef = 04555DEF2121845F0025047E /* HLHJVoteActivtyListModel.h */; };
		04555DF22121845F0025047E /* HLHJVoteActivtyListModel.m in Sources */ = {isa = PBXBuildFile; fileRef = 04555DF02121845F0025047E /* HLHJVoteActivtyListModel.m */; };
		04555DFF21218ADC0025047E /* HLHJIPAddressConfig.m in Sources */ = {isa = PBXBuildFile; fileRef = 04555DFC21218ADC0025047E /* HLHJIPAddressConfig.m */; };
		04555E0021218ADC0025047E /* HLHJPrefixHeader.pch in Headers */ = {isa = PBXBuildFile; fileRef = 04555DFD21218ADC0025047E /* HLHJPrefixHeader.pch */; };
		04555E0121218ADC0025047E /* HLHJIPAddressConfig.h in Headers */ = {isa = PBXBuildFile; fileRef = 04555DFE21218ADC0025047E /* HLHJIPAddressConfig.h */; };
		046C04B7212EB5B300920A91 /* HLHJBaseController.h in Headers */ = {isa = PBXBuildFile; fileRef = 04F9380221181442003C3320 /* HLHJBaseController.h */; settings = {ATTRIBUTES = (Public, ); }; };
		046C04CC212EB74700920A91 /* TMBaseConfig.plist in Resources */ = {isa = PBXBuildFile; fileRef = 046C04C9212EB74700920A91 /* TMBaseConfig.plist */; };
		046C04CD212EB74700920A91 /* config.xml in Resources */ = {isa = PBXBuildFile; fileRef = 046C04CA212EB74700920A91 /* config.xml */; };
		046C04CE212EB74700920A91 /* TMSDK.framework in Frameworks */ = {isa = PBXBuildFile; fileRef = 046C04CB212EB74700920A91 /* TMSDK.framework */; };
		04727DFB211A7D4B00493478 /* HLHJVoteSearchListView.h in Headers */ = {isa = PBXBuildFile; fileRef = 04727DF9211A7D4B00493478 /* HLHJVoteSearchListView.h */; };
		04727DFC211A7D4B00493478 /* HLHJVoteSearchListView.m in Sources */ = {isa = PBXBuildFile; fileRef = 04727DFA211A7D4B00493478 /* HLHJVoteSearchListView.m */; };
		049C6BD6212670C50097460A /* UMSocialCore.framework in Frameworks */ = {isa = PBXBuildFile; fileRef = 049C6BCD212670C50097460A /* UMSocialCore.framework */; };
		049C6BD7212670C50097460A /* UShareUI.framework in Frameworks */ = {isa = PBXBuildFile; fileRef = 049C6BCE212670C50097460A /* UShareUI.framework */; };
		049C6BD8212670C50097460A /* UMSocialSDKResources.bundle in Resources */ = {isa = PBXBuildFile; fileRef = 049C6BCF212670C50097460A /* UMSocialSDKResources.bundle */; };
		049C6BD9212670C50097460A /* UMSocialSDKPromptResources.bundle in Resources */ = {isa = PBXBuildFile; fileRef = 049C6BD0212670C50097460A /* UMSocialSDKPromptResources.bundle */; };
		049C6BDA212670C50097460A /* TMShare.framework in Frameworks */ = {isa = PBXBuildFile; fileRef = 049C6BD1212670C50097460A /* TMShare.framework */; };
		049C6BDB212670C50097460A /* UMSocialNetwork.framework in Frameworks */ = {isa = PBXBuildFile; fileRef = 049C6BD2212670C50097460A /* UMSocialNetwork.framework */; };
		04B92DC621251EA9007B81A1 /* UIImageView+HLHJExtension.h in Headers */ = {isa = PBXBuildFile; fileRef = 04B92DC421251EA9007B81A1 /* UIImageView+HLHJExtension.h */; };
		04B92DC721251EA9007B81A1 /* UIImageView+HLHJExtension.m in Sources */ = {isa = PBXBuildFile; fileRef = 04B92DC521251EA9007B81A1 /* UIImageView+HLHJExtension.m */; };
		04B92DCA212520BF007B81A1 /* UIImage+HLHJExtension.h in Headers */ = {isa = PBXBuildFile; fileRef = 04B92DC8212520BF007B81A1 /* UIImage+HLHJExtension.h */; };
		04B92DCB212520BF007B81A1 /* UIImage+HLHJExtension.m in Sources */ = {isa = PBXBuildFile; fileRef = 04B92DC9212520BF007B81A1 /* UIImage+HLHJExtension.m */; };
		04B92DCF21254B7F007B81A1 /* NSString+HLHJExtention.h in Headers */ = {isa = PBXBuildFile; fileRef = 04B92DCD21254B7F007B81A1 /* NSString+HLHJExtention.h */; };
		04B92DD021254B7F007B81A1 /* NSString+HLHJExtention.m in Sources */ = {isa = PBXBuildFile; fileRef = 04B92DCE21254B7F007B81A1 /* NSString+HLHJExtention.m */; };
		04B9665921184397001F3DBC /* HLHJSeeDetilView.h in Headers */ = {isa = PBXBuildFile; fileRef = 04B9665721184397001F3DBC /* HLHJSeeDetilView.h */; };
		04B9665A21184397001F3DBC /* HLHJSeeDetilView.m in Sources */ = {isa = PBXBuildFile; fileRef = 04B9665821184397001F3DBC /* HLHJSeeDetilView.m */; };
		04B9665D21185335001F3DBC /* HLHJSignupController.h in Headers */ = {isa = PBXBuildFile; fileRef = 04B9665B21185335001F3DBC /* HLHJSignupController.h */; };
		04B9665E21185335001F3DBC /* HLHJSignupController.m in Sources */ = {isa = PBXBuildFile; fileRef = 04B9665C21185335001F3DBC /* HLHJSignupController.m */; };
		04BA4DD5212D134E00A87CE1 /* sfont.ttf in Resources */ = {isa = PBXBuildFile; fileRef = 04BA4DD4212D134D00A87CE1 /* sfont.ttf */; };
		04BA4DD8212D3C9E00A87CE1 /* HLHJSingupSuccesView.h in Headers */ = {isa = PBXBuildFile; fileRef = 04BA4DD6212D3C9E00A87CE1 /* HLHJSingupSuccesView.h */; };
		04BA4DD9212D3C9E00A87CE1 /* HLHJSingupSuccesView.m in Sources */ = {isa = PBXBuildFile; fileRef = 04BA4DD7212D3C9E00A87CE1 /* HLHJSingupSuccesView.m */; };
		04DA0E2E2126C96800397C8E /* HLHJVoteShareModel.h in Headers */ = {isa = PBXBuildFile; fileRef = 04DA0E2C2126C96800397C8E /* HLHJVoteShareModel.h */; };
		04DA0E2F2126C96800397C8E /* HLHJVoteShareModel.m in Sources */ = {isa = PBXBuildFile; fileRef = 04DA0E2D2126C96800397C8E /* HLHJVoteShareModel.m */; };
		04F937F72117FB87003C3320 /* Info.plist in Resources */ = {isa = PBXBuildFile; fileRef = 04F937F62117FB86003C3320 /* Info.plist */; };
		04F937F92117FB95003C3320 /* HLHJVoteSDK.h in Headers */ = {isa = PBXBuildFile; fileRef = 04F937F82117FB95003C3320 /* HLHJVoteSDK.h */; settings = {ATTRIBUTES = (Public, ); }; };
		04F937FC2117FC77003C3320 /* HLHJVoteListController.h in Headers */ = {isa = PBXBuildFile; fileRef = 04F937FA2117FC77003C3320 /* HLHJVoteListController.h */; settings = {ATTRIBUTES = (Public, ); }; };
		04F937FD2117FC77003C3320 /* HLHJVoteListController.m in Sources */ = {isa = PBXBuildFile; fileRef = 04F937FB2117FC77003C3320 /* HLHJVoteListController.m */; };
		04F9380521181442003C3320 /* HLHJBaseController.m in Sources */ = {isa = PBXBuildFile; fileRef = 04F9380321181442003C3320 /* HLHJBaseController.m */; };
		04F9380E21181A7B003C3320 /* HLHJVoteListCell.h in Headers */ = {isa = PBXBuildFile; fileRef = 04F9380C21181A7B003C3320 /* HLHJVoteListCell.h */; };
		04F9380F21181A7B003C3320 /* HLHJVoteListCell.m in Sources */ = {isa = PBXBuildFile; fileRef = 04F9380D21181A7B003C3320 /* HLHJVoteListCell.m */; };
		04F93818211825FB003C3320 /* HLHJVoteCollectionCell.h in Headers */ = {isa = PBXBuildFile; fileRef = 04F93816211825FB003C3320 /* HLHJVoteCollectionCell.h */; };
		04F93819211825FB003C3320 /* HLHJVoteCollectionCell.m in Sources */ = {isa = PBXBuildFile; fileRef = 04F93817211825FB003C3320 /* HLHJVoteCollectionCell.m */; };
		04F9381C21182D65003C3320 /* HLHJVoteController.h in Headers */ = {isa = PBXBuildFile; fileRef = 04F9381A21182D65003C3320 /* HLHJVoteController.h */; };
		04F9381D21182D65003C3320 /* HLHJVoteController.m in Sources */ = {isa = PBXBuildFile; fileRef = 04F9381B21182D65003C3320 /* HLHJVoteController.m */; };
		04F9382021182E48003C3320 /* HLHJVoteHeadView.h in Headers */ = {isa = PBXBuildFile; fileRef = 04F9381E21182E48003C3320 /* HLHJVoteHeadView.h */; };
		04F9382121182E48003C3320 /* HLHJVoteHeadView.m in Sources */ = {isa = PBXBuildFile; fileRef = 04F9381F21182E48003C3320 /* HLHJVoteHeadView.m */; };
		C026775D2C318E4A6D7BE8DB /* Pods_HLHJVoteSDK.framework in Frameworks */ = {isa = PBXBuildFile; fileRef = AAC603D196642491BA769380 /* Pods_HLHJVoteSDK.framework */; };
/* End PBXBuildFile section */

/* Begin PBXFileReference section */
		04269A8421192C5F009251DD /* HLHJSingupHeadView.h */ = {isa = PBXFileReference; lastKnownFileType = sourcecode.c.h; path = HLHJSingupHeadView.h; sourceTree = "<group>"; };
		04269A8521192C5F009251DD /* HLHJSingupHeadView.m */ = {isa = PBXFileReference; lastKnownFileType = sourcecode.c.objc; path = HLHJSingupHeadView.m; sourceTree = "<group>"; };
		04269A88211930D8009251DD /* UIView+HLHJGradient.m */ = {isa = PBXFileReference; fileEncoding = 4; lastKnownFileType = sourcecode.c.objc; path = "UIView+HLHJGradient.m"; sourceTree = "<group>"; };
		04269A89211930D8009251DD /* UIView+HLHJGradient.h */ = {isa = PBXFileReference; fileEncoding = 4; lastKnownFileType = sourcecode.c.h; path = "UIView+HLHJGradient.h"; sourceTree = "<group>"; };
		04269A8C211931E2009251DD /* HLHJSingupContentView.h */ = {isa = PBXFileReference; lastKnownFileType = sourcecode.c.h; path = HLHJSingupContentView.h; sourceTree = "<group>"; };
		04269A8D211931E2009251DD /* HLHJSingupContentView.m */ = {isa = PBXFileReference; lastKnownFileType = sourcecode.c.objc; path = HLHJSingupContentView.m; sourceTree = "<group>"; };
		04269A922119406C009251DD /* HLHJVoteToast.h */ = {isa = PBXFileReference; lastKnownFileType = sourcecode.c.h; path = HLHJVoteToast.h; sourceTree = "<group>"; };
		04269A932119406C009251DD /* HLHJVoteToast.m */ = {isa = PBXFileReference; lastKnownFileType = sourcecode.c.objc; path = HLHJVoteToast.m; sourceTree = "<group>"; };
		04269A96211940CD009251DD /* UIColor+HLHJVoteHex.h */ = {isa = PBXFileReference; lastKnownFileType = sourcecode.c.h; path = "UIColor+HLHJVoteHex.h"; sourceTree = "<group>"; };
		04269A97211940CD009251DD /* UIColor+HLHJVoteHex.m */ = {isa = PBXFileReference; lastKnownFileType = sourcecode.c.objc; path = "UIColor+HLHJVoteHex.m"; sourceTree = "<group>"; };
		04269A9A21194899009251DD /* HLHJVoteRuleView.h */ = {isa = PBXFileReference; lastKnownFileType = sourcecode.c.h; path = HLHJVoteRuleView.h; sourceTree = "<group>"; };
		04269A9B21194899009251DD /* HLHJVoteRuleView.m */ = {isa = PBXFileReference; lastKnownFileType = sourcecode.c.objc; path = HLHJVoteRuleView.m; sourceTree = "<group>"; };
		04269A9E21194E5F009251DD /* HLHJVoteRuleTableCell.h */ = {isa = PBXFileReference; lastKnownFileType = sourcecode.c.h; path = HLHJVoteRuleTableCell.h; sourceTree = "<group>"; };
		04269A9F21194E5F009251DD /* HLHJVoteRuleTableCell.m */ = {isa = PBXFileReference; lastKnownFileType = sourcecode.c.objc; path = HLHJVoteRuleTableCell.m; sourceTree = "<group>"; };
		04269AA221196FDC009251DD /* HLHJVotePayController.h */ = {isa = PBXFileReference; lastKnownFileType = sourcecode.c.h; path = HLHJVotePayController.h; sourceTree = "<group>"; };
		04269AA321196FDC009251DD /* HLHJVotePayController.m */ = {isa = PBXFileReference; lastKnownFileType = sourcecode.c.objc; path = HLHJVotePayController.m; sourceTree = "<group>"; };
		04269AA621197BE0009251DD /* HLHJPaySowView.h */ = {isa = PBXFileReference; lastKnownFileType = sourcecode.c.h; path = HLHJPaySowView.h; sourceTree = "<group>"; };
		04269AA721197BE0009251DD /* HLHJPaySowView.m */ = {isa = PBXFileReference; lastKnownFileType = sourcecode.c.objc; path = HLHJPaySowView.m; sourceTree = "<group>"; };
		042FD7B12123F3EF00E38AE0 /* HLHJAlertViewTools.h */ = {isa = PBXFileReference; lastKnownFileType = sourcecode.c.h; path = HLHJAlertViewTools.h; sourceTree = "<group>"; };
		042FD7B22123F3EF00E38AE0 /* HLHJAlertViewTools.m */ = {isa = PBXFileReference; lastKnownFileType = sourcecode.c.objc; path = HLHJAlertViewTools.m; sourceTree = "<group>"; };
		04386D012117D6F700C4BF2D /* HLHJVoteSDK.framework */ = {isa = PBXFileReference; explicitFileType = wrapper.framework; includeInIndex = 0; path = HLHJVoteSDK.framework; sourceTree = BUILT_PRODUCTS_DIR; };
		043DA10F212264A7009C7A3F /* HLHJVoteCompetitorListModel.h */ = {isa = PBXFileReference; lastKnownFileType = sourcecode.c.h; path = HLHJVoteCompetitorListModel.h; sourceTree = "<group>"; };
		043DA110212264A7009C7A3F /* HLHJVoteCompetitorListModel.m */ = {isa = PBXFileReference; lastKnownFileType = sourcecode.c.objc; path = HLHJVoteCompetitorListModel.m; sourceTree = "<group>"; };
		043DA11321226E58009C7A3F /* HLHJVoteActivityDetilModel.h */ = {isa = PBXFileReference; lastKnownFileType = sourcecode.c.h; path = HLHJVoteActivityDetilModel.h; sourceTree = "<group>"; };
		043DA11421226E58009C7A3F /* HLHJVoteActivityDetilModel.m */ = {isa = PBXFileReference; lastKnownFileType = sourcecode.c.objc; path = HLHJVoteActivityDetilModel.m; sourceTree = "<group>"; };
		043DA1172122701F009C7A3F /* HLHJUUID.h */ = {isa = PBXFileReference; lastKnownFileType = sourcecode.c.h; path = HLHJUUID.h; sourceTree = "<group>"; };
		043DA1182122701F009C7A3F /* HLHJUUID.m */ = {isa = PBXFileReference; lastKnownFileType = sourcecode.c.objc; path = HLHJUUID.m; sourceTree = "<group>"; };
		043DA1202122D8EA009C7A3F /* Security.framework */ = {isa = PBXFileReference; lastKnownFileType = wrapper.framework; name = Security.framework; path = System/Library/Frameworks/Security.framework; sourceTree = SDKROOT; };
		044493B5212E5040003ADC84 /* HLHJNavBarView.h */ = {isa = PBXFileReference; lastKnownFileType = sourcecode.c.h; path = HLHJNavBarView.h; sourceTree = "<group>"; };
		044493B6212E5040003ADC84 /* HLHJNavBarView.m */ = {isa = PBXFileReference; lastKnownFileType = sourcecode.c.objc; path = HLHJNavBarView.m; sourceTree = "<group>"; };
		04555DEB212182630025047E /* HLHJVoteNetWorkTool.h */ = {isa = PBXFileReference; lastKnownFileType = sourcecode.c.h; path = HLHJVoteNetWorkTool.h; sourceTree = "<group>"; };
		04555DEC212182630025047E /* HLHJVoteNetWorkTool.m */ = {isa = PBXFileReference; lastKnownFileType = sourcecode.c.objc; path = HLHJVoteNetWorkTool.m; sourceTree = "<group>"; };
		04555DEF2121845F0025047E /* HLHJVoteActivtyListModel.h */ = {isa = PBXFileReference; lastKnownFileType = sourcecode.c.h; path = HLHJVoteActivtyListModel.h; sourceTree = "<group>"; };
		04555DF02121845F0025047E /* HLHJVoteActivtyListModel.m */ = {isa = PBXFileReference; lastKnownFileType = sourcecode.c.objc; path = HLHJVoteActivtyListModel.m; sourceTree = "<group>"; };
		04555DF6212188260025047E /* HLHJIPManager.m */ = {isa = PBXFileReference; lastKnownFileType = sourcecode.c.objc; path = HLHJIPManager.m; sourceTree = "<group>"; };
		04555DF7212188260025047E /* HLHJIPManager.h */ = {isa = PBXFileReference; lastKnownFileType = sourcecode.c.h; path = HLHJIPManager.h; sourceTree = "<group>"; };
		04555DFC21218ADC0025047E /* HLHJIPAddressConfig.m */ = {isa = PBXFileReference; fileEncoding = 4; lastKnownFileType = sourcecode.c.objc; path = HLHJIPAddressConfig.m; sourceTree = "<group>"; };
		04555DFD21218ADC0025047E /* HLHJPrefixHeader.pch */ = {isa = PBXFileReference; fileEncoding = 4; lastKnownFileType = sourcecode.c.h; path = HLHJPrefixHeader.pch; sourceTree = "<group>"; };
		04555DFE21218ADC0025047E /* HLHJIPAddressConfig.h */ = {isa = PBXFileReference; fileEncoding = 4; lastKnownFileType = sourcecode.c.h; path = HLHJIPAddressConfig.h; sourceTree = "<group>"; };
		046C04C9212EB74700920A91 /* TMBaseConfig.plist */ = {isa = PBXFileReference; fileEncoding = 4; lastKnownFileType = text.plist.xml; path = TMBaseConfig.plist; sourceTree = "<group>"; };
		046C04CA212EB74700920A91 /* config.xml */ = {isa = PBXFileReference; fileEncoding = 4; lastKnownFileType = text.xml; path = config.xml; sourceTree = "<group>"; };
		046C04CB212EB74700920A91 /* TMSDK.framework */ = {isa = PBXFileReference; lastKnownFileType = wrapper.framework; path = TMSDK.framework; sourceTree = "<group>"; };
		04727DF9211A7D4B00493478 /* HLHJVoteSearchListView.h */ = {isa = PBXFileReference; lastKnownFileType = sourcecode.c.h; path = HLHJVoteSearchListView.h; sourceTree = "<group>"; };
		04727DFA211A7D4B00493478 /* HLHJVoteSearchListView.m */ = {isa = PBXFileReference; lastKnownFileType = sourcecode.c.objc; path = HLHJVoteSearchListView.m; sourceTree = "<group>"; };
		049C6BCD212670C50097460A /* UMSocialCore.framework */ = {isa = PBXFileReference; lastKnownFileType = wrapper.framework; path = UMSocialCore.framework; sourceTree = "<group>"; };
		049C6BCE212670C50097460A /* UShareUI.framework */ = {isa = PBXFileReference; lastKnownFileType = wrapper.framework; path = UShareUI.framework; sourceTree = "<group>"; };
		049C6BCF212670C50097460A /* UMSocialSDKResources.bundle */ = {isa = PBXFileReference; lastKnownFileType = "wrapper.plug-in"; path = UMSocialSDKResources.bundle; sourceTree = "<group>"; };
		049C6BD0212670C50097460A /* UMSocialSDKPromptResources.bundle */ = {isa = PBXFileReference; lastKnownFileType = "wrapper.plug-in"; path = UMSocialSDKPromptResources.bundle; sourceTree = "<group>"; };
		049C6BD1212670C50097460A /* TMShare.framework */ = {isa = PBXFileReference; lastKnownFileType = wrapper.framework; path = TMShare.framework; sourceTree = "<group>"; };
		049C6BD2212670C50097460A /* UMSocialNetwork.framework */ = {isa = PBXFileReference; lastKnownFileType = wrapper.framework; path = UMSocialNetwork.framework; sourceTree = "<group>"; };
		04B92DC421251EA9007B81A1 /* UIImageView+HLHJExtension.h */ = {isa = PBXFileReference; lastKnownFileType = sourcecode.c.h; path = "UIImageView+HLHJExtension.h"; sourceTree = "<group>"; };
		04B92DC521251EA9007B81A1 /* UIImageView+HLHJExtension.m */ = {isa = PBXFileReference; lastKnownFileType = sourcecode.c.objc; path = "UIImageView+HLHJExtension.m"; sourceTree = "<group>"; };
		04B92DC8212520BF007B81A1 /* UIImage+HLHJExtension.h */ = {isa = PBXFileReference; lastKnownFileType = sourcecode.c.h; path = "UIImage+HLHJExtension.h"; sourceTree = "<group>"; };
		04B92DC9212520BF007B81A1 /* UIImage+HLHJExtension.m */ = {isa = PBXFileReference; lastKnownFileType = sourcecode.c.objc; path = "UIImage+HLHJExtension.m"; sourceTree = "<group>"; };
		04B92DCD21254B7F007B81A1 /* NSString+HLHJExtention.h */ = {isa = PBXFileReference; lastKnownFileType = sourcecode.c.h; path = "NSString+HLHJExtention.h"; sourceTree = "<group>"; };
		04B92DCE21254B7F007B81A1 /* NSString+HLHJExtention.m */ = {isa = PBXFileReference; lastKnownFileType = sourcecode.c.objc; path = "NSString+HLHJExtention.m"; sourceTree = "<group>"; };
		04B9665721184397001F3DBC /* HLHJSeeDetilView.h */ = {isa = PBXFileReference; lastKnownFileType = sourcecode.c.h; path = HLHJSeeDetilView.h; sourceTree = "<group>"; };
		04B9665821184397001F3DBC /* HLHJSeeDetilView.m */ = {isa = PBXFileReference; lastKnownFileType = sourcecode.c.objc; path = HLHJSeeDetilView.m; sourceTree = "<group>"; };
		04B9665B21185335001F3DBC /* HLHJSignupController.h */ = {isa = PBXFileReference; lastKnownFileType = sourcecode.c.h; path = HLHJSignupController.h; sourceTree = "<group>"; };
		04B9665C21185335001F3DBC /* HLHJSignupController.m */ = {isa = PBXFileReference; lastKnownFileType = sourcecode.c.objc; path = HLHJSignupController.m; sourceTree = "<group>"; };
		04BA4DD4212D134D00A87CE1 /* sfont.ttf */ = {isa = PBXFileReference; lastKnownFileType = file; path = sfont.ttf; sourceTree = "<group>"; };
		04BA4DD6212D3C9E00A87CE1 /* HLHJSingupSuccesView.h */ = {isa = PBXFileReference; lastKnownFileType = sourcecode.c.h; path = HLHJSingupSuccesView.h; sourceTree = "<group>"; };
		04BA4DD7212D3C9E00A87CE1 /* HLHJSingupSuccesView.m */ = {isa = PBXFileReference; lastKnownFileType = sourcecode.c.objc; path = HLHJSingupSuccesView.m; sourceTree = "<group>"; };
		04DA0E2C2126C96800397C8E /* HLHJVoteShareModel.h */ = {isa = PBXFileReference; lastKnownFileType = sourcecode.c.h; path = HLHJVoteShareModel.h; sourceTree = "<group>"; };
		04DA0E2D2126C96800397C8E /* HLHJVoteShareModel.m */ = {isa = PBXFileReference; lastKnownFileType = sourcecode.c.objc; path = HLHJVoteShareModel.m; sourceTree = "<group>"; };
		04F937F62117FB86003C3320 /* Info.plist */ = {isa = PBXFileReference; fileEncoding = 4; lastKnownFileType = text.plist.xml; path = Info.plist; sourceTree = "<group>"; };
		04F937F82117FB95003C3320 /* HLHJVoteSDK.h */ = {isa = PBXFileReference; fileEncoding = 4; lastKnownFileType = sourcecode.c.h; path = HLHJVoteSDK.h; sourceTree = "<group>"; };
		04F937FA2117FC77003C3320 /* HLHJVoteListController.h */ = {isa = PBXFileReference; fileEncoding = 4; lastKnownFileType = sourcecode.c.h; path = HLHJVoteListController.h; sourceTree = "<group>"; };
		04F937FB2117FC77003C3320 /* HLHJVoteListController.m */ = {isa = PBXFileReference; fileEncoding = 4; lastKnownFileType = sourcecode.c.objc; path = HLHJVoteListController.m; sourceTree = "<group>"; };
		04F9380221181442003C3320 /* HLHJBaseController.h */ = {isa = PBXFileReference; lastKnownFileType = sourcecode.c.h; path = HLHJBaseController.h; sourceTree = "<group>"; };
		04F9380321181442003C3320 /* HLHJBaseController.m */ = {isa = PBXFileReference; lastKnownFileType = sourcecode.c.objc; path = HLHJBaseController.m; sourceTree = "<group>"; };
		04F9380C21181A7B003C3320 /* HLHJVoteListCell.h */ = {isa = PBXFileReference; lastKnownFileType = sourcecode.c.h; path = HLHJVoteListCell.h; sourceTree = "<group>"; };
		04F9380D21181A7B003C3320 /* HLHJVoteListCell.m */ = {isa = PBXFileReference; lastKnownFileType = sourcecode.c.objc; path = HLHJVoteListCell.m; sourceTree = "<group>"; };
		04F93816211825FB003C3320 /* HLHJVoteCollectionCell.h */ = {isa = PBXFileReference; lastKnownFileType = sourcecode.c.h; path = HLHJVoteCollectionCell.h; sourceTree = "<group>"; };
		04F93817211825FB003C3320 /* HLHJVoteCollectionCell.m */ = {isa = PBXFileReference; lastKnownFileType = sourcecode.c.objc; path = HLHJVoteCollectionCell.m; sourceTree = "<group>"; };
		04F9381A21182D65003C3320 /* HLHJVoteController.h */ = {isa = PBXFileReference; lastKnownFileType = sourcecode.c.h; path = HLHJVoteController.h; sourceTree = "<group>"; };
		04F9381B21182D65003C3320 /* HLHJVoteController.m */ = {isa = PBXFileReference; lastKnownFileType = sourcecode.c.objc; path = HLHJVoteController.m; sourceTree = "<group>"; };
		04F9381E21182E48003C3320 /* HLHJVoteHeadView.h */ = {isa = PBXFileReference; lastKnownFileType = sourcecode.c.h; path = HLHJVoteHeadView.h; sourceTree = "<group>"; };
		04F9381F21182E48003C3320 /* HLHJVoteHeadView.m */ = {isa = PBXFileReference; lastKnownFileType = sourcecode.c.objc; path = HLHJVoteHeadView.m; sourceTree = "<group>"; };
		227FF31EA7C40A89712487F6 /* Pods-HLHJVoteSDK.release.xcconfig */ = {isa = PBXFileReference; includeInIndex = 1; lastKnownFileType = text.xcconfig; name = "Pods-HLHJVoteSDK.release.xcconfig"; path = "Pods/Target Support Files/Pods-HLHJVoteSDK/Pods-HLHJVoteSDK.release.xcconfig"; sourceTree = "<group>"; };
		AAC603D196642491BA769380 /* Pods_HLHJVoteSDK.framework */ = {isa = PBXFileReference; explicitFileType = wrapper.framework; includeInIndex = 0; path = Pods_HLHJVoteSDK.framework; sourceTree = BUILT_PRODUCTS_DIR; };
		DE91167909BB4FD21D2E99E6 /* Pods-HLHJVoteSDK.debug.xcconfig */ = {isa = PBXFileReference; includeInIndex = 1; lastKnownFileType = text.xcconfig; name = "Pods-HLHJVoteSDK.debug.xcconfig"; path = "Pods/Target Support Files/Pods-HLHJVoteSDK/Pods-HLHJVoteSDK.debug.xcconfig"; sourceTree = "<group>"; };
/* End PBXFileReference section */

/* Begin PBXFrameworksBuildPhase section */
		04386CFD2117D6F700C4BF2D /* Frameworks */ = {
			isa = PBXFrameworksBuildPhase;
			buildActionMask = 2147483647;
			files = (
				049C6BD6212670C50097460A /* UMSocialCore.framework in Frameworks */,
				043DA1212122D8EA009C7A3F /* Security.framework in Frameworks */,
				049C6BDA212670C50097460A /* TMShare.framework in Frameworks */,
				C026775D2C318E4A6D7BE8DB /* Pods_HLHJVoteSDK.framework in Frameworks */,
				046C04CE212EB74700920A91 /* TMSDK.framework in Frameworks */,
				049C6BDB212670C50097460A /* UMSocialNetwork.framework in Frameworks */,
				049C6BD7212670C50097460A /* UShareUI.framework in Frameworks */,
			);
			runOnlyForDeploymentPostprocessing = 0;
		};
/* End PBXFrameworksBuildPhase section */

/* Begin PBXGroup section */
		04386CF72117D6F700C4BF2D = {
			isa = PBXGroup;
			children = (
				04386D032117D6F700C4BF2D /* HLHJVoteSDK */,
				04386D022117D6F700C4BF2D /* Products */,
				2D419D4DD9D3E70C3DD1F603 /* Pods */,
				F5FD160FC1DA6FB259D5C1C2 /* Frameworks */,
			);
			sourceTree = "<group>";
		};
		04386D022117D6F700C4BF2D /* Products */ = {
			isa = PBXGroup;
			children = (
				04386D012117D6F700C4BF2D /* HLHJVoteSDK.framework */,
			);
			name = Products;
			sourceTree = "<group>";
		};
		04386D032117D6F700C4BF2D /* HLHJVoteSDK */ = {
			isa = PBXGroup;
			children = (
				04386D122117E6A900C4BF2D /* Class */,
				04555DFB21218ADC0025047E /* Config */,
				04555DF8212188260025047E /* Manager */,
				04F937F82117FB95003C3320 /* HLHJVoteSDK.h */,
				04F937F62117FB86003C3320 /* Info.plist */,
				04386D0E2117E6A800C4BF2D /* Category */,
				04386D0D2117E6A800C4BF2D /* Resource */,
				04386D132117E6A900C4BF2D /* Utilty */,
				04386D112117E6A800C4BF2D /* Vendrors */,
			);
			path = HLHJVoteSDK;
			sourceTree = "<group>";
		};
		04386D0D2117E6A800C4BF2D /* Resource */ = {
			isa = PBXGroup;
			children = (
				04BA4DD3212D134D00A87CE1 /* Font */,
			);
			path = Resource;
			sourceTree = "<group>";
		};
		04386D0E2117E6A800C4BF2D /* Category */ = {
			isa = PBXGroup;
			children = (
				04269A89211930D8009251DD /* UIView+HLHJGradient.h */,
				04269A88211930D8009251DD /* UIView+HLHJGradient.m */,
				04269A96211940CD009251DD /* UIColor+HLHJVoteHex.h */,
				04269A97211940CD009251DD /* UIColor+HLHJVoteHex.m */,
				04B92DC421251EA9007B81A1 /* UIImageView+HLHJExtension.h */,
				04B92DC521251EA9007B81A1 /* UIImageView+HLHJExtension.m */,
				04B92DC8212520BF007B81A1 /* UIImage+HLHJExtension.h */,
				04B92DC9212520BF007B81A1 /* UIImage+HLHJExtension.m */,
				04B92DCD21254B7F007B81A1 /* NSString+HLHJExtention.h */,
				04B92DCE21254B7F007B81A1 /* NSString+HLHJExtention.m */,
			);
			path = Category;
			sourceTree = "<group>";
		};
		04386D112117E6A800C4BF2D /* Vendrors */ = {
			isa = PBXGroup;
			children = (
				046C04C8212EB74700920A91 /* Base */,
				049C6BCC212670C50097460A /* TMShareSdk */,
			);
			path = Vendrors;
			sourceTree = "<group>";
		};
		04386D122117E6A900C4BF2D /* Class */ = {
			isa = PBXGroup;
			children = (
				04555DEA212180220025047E /* Model */,
				04F9380B21181A57003C3320 /* View */,
				04F9380621181569003C3320 /* Base */,
				04F937FE2117FC7D003C3320 /* VC */,
			);
			path = Class;
			sourceTree = "<group>";
		};
		04386D132117E6A900C4BF2D /* Utilty */ = {
			isa = PBXGroup;
			children = (
				04269A922119406C009251DD /* HLHJVoteToast.h */,
				04269A932119406C009251DD /* HLHJVoteToast.m */,
				04555DEB212182630025047E /* HLHJVoteNetWorkTool.h */,
				04555DEC212182630025047E /* HLHJVoteNetWorkTool.m */,
				043DA1172122701F009C7A3F /* HLHJUUID.h */,
				043DA1182122701F009C7A3F /* HLHJUUID.m */,
				042FD7B12123F3EF00E38AE0 /* HLHJAlertViewTools.h */,
				042FD7B22123F3EF00E38AE0 /* HLHJAlertViewTools.m */,
			);
			path = Utilty;
			sourceTree = "<group>";
		};
		04555DEA212180220025047E /* Model */ = {
			isa = PBXGroup;
			children = (
				04555DEF2121845F0025047E /* HLHJVoteActivtyListModel.h */,
				04555DF02121845F0025047E /* HLHJVoteActivtyListModel.m */,
				043DA10F212264A7009C7A3F /* HLHJVoteCompetitorListModel.h */,
				043DA110212264A7009C7A3F /* HLHJVoteCompetitorListModel.m */,
				043DA11321226E58009C7A3F /* HLHJVoteActivityDetilModel.h */,
				043DA11421226E58009C7A3F /* HLHJVoteActivityDetilModel.m */,
				04DA0E2C2126C96800397C8E /* HLHJVoteShareModel.h */,
				04DA0E2D2126C96800397C8E /* HLHJVoteShareModel.m */,
			);
			path = Model;
			sourceTree = "<group>";
		};
		04555DF8212188260025047E /* Manager */ = {
			isa = PBXGroup;
			children = (
				04555DF6212188260025047E /* HLHJIPManager.m */,
				04555DF7212188260025047E /* HLHJIPManager.h */,
			);
			name = Manager;
			path = /Users/mac/Desktop/tm_voting_sdk/HLHJVoteSDK/HLHJVoteSDK/Class/VC/Manager;
			sourceTree = "<absolute>";
		};
		04555DFB21218ADC0025047E /* Config */ = {
			isa = PBXGroup;
			children = (
				04555DFD21218ADC0025047E /* HLHJPrefixHeader.pch */,
				04555DFE21218ADC0025047E /* HLHJIPAddressConfig.h */,
				04555DFC21218ADC0025047E /* HLHJIPAddressConfig.m */,
			);
			path = Config;
			sourceTree = "<group>";
		};
		046C04C8212EB74700920A91 /* Base */ = {
			isa = PBXGroup;
			children = (
				046C04C9212EB74700920A91 /* TMBaseConfig.plist */,
				046C04CA212EB74700920A91 /* config.xml */,
				046C04CB212EB74700920A91 /* TMSDK.framework */,
			);
			path = Base;
			sourceTree = "<group>";
		};
		049C6BCC212670C50097460A /* TMShareSdk */ = {
			isa = PBXGroup;
			children = (
				049C6BCD212670C50097460A /* UMSocialCore.framework */,
				049C6BCE212670C50097460A /* UShareUI.framework */,
				049C6BCF212670C50097460A /* UMSocialSDKResources.bundle */,
				049C6BD0212670C50097460A /* UMSocialSDKPromptResources.bundle */,
				049C6BD1212670C50097460A /* TMShare.framework */,
				049C6BD2212670C50097460A /* UMSocialNetwork.framework */,
			);
			path = TMShareSdk;
			sourceTree = "<group>";
		};
		04BA4DD3212D134D00A87CE1 /* Font */ = {
			isa = PBXGroup;
			children = (
				04BA4DD4212D134D00A87CE1 /* sfont.ttf */,
			);
			path = Font;
			sourceTree = "<group>";
		};
		04F937FE2117FC7D003C3320 /* VC */ = {
			isa = PBXGroup;
			children = (
				04F937FA2117FC77003C3320 /* HLHJVoteListController.h */,
				04F937FB2117FC77003C3320 /* HLHJVoteListController.m */,
				04F9381A21182D65003C3320 /* HLHJVoteController.h */,
				04F9381B21182D65003C3320 /* HLHJVoteController.m */,
				04B9665B21185335001F3DBC /* HLHJSignupController.h */,
				04B9665C21185335001F3DBC /* HLHJSignupController.m */,
				04269AA221196FDC009251DD /* HLHJVotePayController.h */,
				04269AA321196FDC009251DD /* HLHJVotePayController.m */,
			);
			path = VC;
			sourceTree = "<group>";
		};
		04F9380621181569003C3320 /* Base */ = {
			isa = PBXGroup;
			children = (
				04F9380221181442003C3320 /* HLHJBaseController.h */,
				04F9380321181442003C3320 /* HLHJBaseController.m */,
			);
			path = Base;
			sourceTree = "<group>";
		};
		04F9380B21181A57003C3320 /* View */ = {
			isa = PBXGroup;
			children = (
				04F9380C21181A7B003C3320 /* HLHJVoteListCell.h */,
				04F9380D21181A7B003C3320 /* HLHJVoteListCell.m */,
				04F93816211825FB003C3320 /* HLHJVoteCollectionCell.h */,
				04F93817211825FB003C3320 /* HLHJVoteCollectionCell.m */,
				04F9381E21182E48003C3320 /* HLHJVoteHeadView.h */,
				04F9381F21182E48003C3320 /* HLHJVoteHeadView.m */,
				04B9665721184397001F3DBC /* HLHJSeeDetilView.h */,
				04B9665821184397001F3DBC /* HLHJSeeDetilView.m */,
				04269A8421192C5F009251DD /* HLHJSingupHeadView.h */,
				04269A8521192C5F009251DD /* HLHJSingupHeadView.m */,
				04269A8C211931E2009251DD /* HLHJSingupContentView.h */,
				04269A8D211931E2009251DD /* HLHJSingupContentView.m */,
				04269A9A21194899009251DD /* HLHJVoteRuleView.h */,
				04269A9B21194899009251DD /* HLHJVoteRuleView.m */,
				04269A9E21194E5F009251DD /* HLHJVoteRuleTableCell.h */,
				04269A9F21194E5F009251DD /* HLHJVoteRuleTableCell.m */,
				04269AA621197BE0009251DD /* HLHJPaySowView.h */,
				04269AA721197BE0009251DD /* HLHJPaySowView.m */,
				04727DF9211A7D4B00493478 /* HLHJVoteSearchListView.h */,
				04727DFA211A7D4B00493478 /* HLHJVoteSearchListView.m */,
				04BA4DD6212D3C9E00A87CE1 /* HLHJSingupSuccesView.h */,
				04BA4DD7212D3C9E00A87CE1 /* HLHJSingupSuccesView.m */,
				044493B5212E5040003ADC84 /* HLHJNavBarView.h */,
				044493B6212E5040003ADC84 /* HLHJNavBarView.m */,
			);
			path = View;
			sourceTree = "<group>";
		};
		2D419D4DD9D3E70C3DD1F603 /* Pods */ = {
			isa = PBXGroup;
			children = (
				DE91167909BB4FD21D2E99E6 /* Pods-HLHJVoteSDK.debug.xcconfig */,
				227FF31EA7C40A89712487F6 /* Pods-HLHJVoteSDK.release.xcconfig */,
			);
			name = Pods;
			sourceTree = "<group>";
		};
		F5FD160FC1DA6FB259D5C1C2 /* Frameworks */ = {
			isa = PBXGroup;
			children = (
				043DA1202122D8EA009C7A3F /* Security.framework */,
				AAC603D196642491BA769380 /* Pods_HLHJVoteSDK.framework */,
			);
			name = Frameworks;
			sourceTree = "<group>";
		};
/* End PBXGroup section */

/* Begin PBXHeadersBuildPhase section */
		04386CFE2117D6F700C4BF2D /* Headers */ = {
			isa = PBXHeadersBuildPhase;
			buildActionMask = 2147483647;
			files = (
				04B9665D21185335001F3DBC /* HLHJSignupController.h in Headers */,
				04B92DCA212520BF007B81A1 /* UIImage+HLHJExtension.h in Headers */,
				046C04B7212EB5B300920A91 /* HLHJBaseController.h in Headers */,
				043DA1192122701F009C7A3F /* HLHJUUID.h in Headers */,
				04F937FC2117FC77003C3320 /* HLHJVoteListController.h in Headers */,
				043DA111212264A7009C7A3F /* HLHJVoteCompetitorListModel.h in Headers */,
				04555E0021218ADC0025047E /* HLHJPrefixHeader.pch in Headers */,
				04555E0121218ADC0025047E /* HLHJIPAddressConfig.h in Headers */,
				04B9665921184397001F3DBC /* HLHJSeeDetilView.h in Headers */,
				04F9380E21181A7B003C3320 /* HLHJVoteListCell.h in Headers */,
				04BA4DD8212D3C9E00A87CE1 /* HLHJSingupSuccesView.h in Headers */,
				04B92DC621251EA9007B81A1 /* UIImageView+HLHJExtension.h in Headers */,
				04555DED212182630025047E /* HLHJVoteNetWorkTool.h in Headers */,
				04555DF12121845F0025047E /* HLHJVoteActivtyListModel.h in Headers */,
				04269A942119406C009251DD /* HLHJVoteToast.h in Headers */,
				042FD7B32123F3EF00E38AE0 /* HLHJAlertViewTools.h in Headers */,
				04F9381C21182D65003C3320 /* HLHJVoteController.h in Headers */,
				04F937F92117FB95003C3320 /* HLHJVoteSDK.h in Headers */,
				04269A9C21194899009251DD /* HLHJVoteRuleView.h in Headers */,
				04269A8E211931E2009251DD /* HLHJSingupContentView.h in Headers */,
				04269AA421196FDC009251DD /* HLHJVotePayController.h in Headers */,
				04F93818211825FB003C3320 /* HLHJVoteCollectionCell.h in Headers */,
				04269A8621192C5F009251DD /* HLHJSingupHeadView.h in Headers */,
				04269AA021194E5F009251DD /* HLHJVoteRuleTableCell.h in Headers */,
				044493B7212E5040003ADC84 /* HLHJNavBarView.h in Headers */,
				04269A8B211930D9009251DD /* UIView+HLHJGradient.h in Headers */,
				04727DFB211A7D4B00493478 /* HLHJVoteSearchListView.h in Headers */,
				04B92DCF21254B7F007B81A1 /* NSString+HLHJExtention.h in Headers */,
				043DA11521226E58009C7A3F /* HLHJVoteActivityDetilModel.h in Headers */,
				04269A98211940CD009251DD /* UIColor+HLHJVoteHex.h in Headers */,
				04269AA821197BE0009251DD /* HLHJPaySowView.h in Headers */,
				04DA0E2E2126C96800397C8E /* HLHJVoteShareModel.h in Headers */,
				04F9382021182E48003C3320 /* HLHJVoteHeadView.h in Headers */,
			);
			runOnlyForDeploymentPostprocessing = 0;
		};
/* End PBXHeadersBuildPhase section */

/* Begin PBXNativeTarget section */
		04386D002117D6F700C4BF2D /* HLHJVoteSDK */ = {
			isa = PBXNativeTarget;
			buildConfigurationList = 04386D092117D6F700C4BF2D /* Build configuration list for PBXNativeTarget "HLHJVoteSDK" */;
			buildPhases = (
				4FD37ACD5638309EE0B7F8B8 /* [CP] Check Pods Manifest.lock */,
				04386CFC2117D6F700C4BF2D /* Sources */,
				04386CFD2117D6F700C4BF2D /* Frameworks */,
				04386CFE2117D6F700C4BF2D /* Headers */,
				04386CFF2117D6F700C4BF2D /* Resources */,
				5FF2A95396C3809816EA84E9 /* [CP] Copy Pods Resources */,
			);
			buildRules = (
			);
			dependencies = (
			);
			name = HLHJVoteSDK;
			productName = HLHJVoteSDK;
			productReference = 04386D012117D6F700C4BF2D /* HLHJVoteSDK.framework */;
			productType = "com.apple.product-type.framework";
		};
/* End PBXNativeTarget section */

/* Begin PBXProject section */
		04386CF82117D6F700C4BF2D /* Project object */ = {
			isa = PBXProject;
			attributes = {
				CLASSPREFIX = HLHJ;
				LastUpgradeCheck = 0940;
				ORGANIZATIONNAME = mac;
				TargetAttributes = {
					04386D002117D6F700C4BF2D = {
						CreatedOnToolsVersion = 9.4.1;
					};
				};
			};
			buildConfigurationList = 04386CFB2117D6F700C4BF2D /* Build configuration list for PBXProject "HLHJVoteSDK" */;
			compatibilityVersion = "Xcode 9.3";
			developmentRegion = en;
			hasScannedForEncodings = 0;
			knownRegions = (
				en,
			);
			mainGroup = 04386CF72117D6F700C4BF2D;
			productRefGroup = 04386D022117D6F700C4BF2D /* Products */;
			projectDirPath = "";
			projectRoot = "";
			targets = (
				04386D002117D6F700C4BF2D /* HLHJVoteSDK */,
			);
		};
/* End PBXProject section */

/* Begin PBXResourcesBuildPhase section */
		04386CFF2117D6F700C4BF2D /* Resources */ = {
			isa = PBXResourcesBuildPhase;
			buildActionMask = 2147483647;
			files = (
				049C6BD9212670C50097460A /* UMSocialSDKPromptResources.bundle in Resources */,
				04BA4DD5212D134E00A87CE1 /* sfont.ttf in Resources */,
				049C6BD8212670C50097460A /* UMSocialSDKResources.bundle in Resources */,
				046C04CD212EB74700920A91 /* config.xml in Resources */,
				046C04CC212EB74700920A91 /* TMBaseConfig.plist in Resources */,
				04F937F72117FB87003C3320 /* Info.plist in Resources */,
			);
			runOnlyForDeploymentPostprocessing = 0;
		};
/* End PBXResourcesBuildPhase section */

/* Begin PBXShellScriptBuildPhase section */
		4FD37ACD5638309EE0B7F8B8 /* [CP] Check Pods Manifest.lock */ = {
			isa = PBXShellScriptBuildPhase;
			buildActionMask = 2147483647;
			files = (
			);
			inputPaths = (
				"${PODS_PODFILE_DIR_PATH}/Podfile.lock",
				"${PODS_ROOT}/Manifest.lock",
			);
			name = "[CP] Check Pods Manifest.lock";
			outputPaths = (
				"$(DERIVED_FILE_DIR)/Pods-HLHJVoteSDK-checkManifestLockResult.txt",
			);
			runOnlyForDeploymentPostprocessing = 0;
			shellPath = /bin/sh;
			shellScript = "diff \"${PODS_PODFILE_DIR_PATH}/Podfile.lock\" \"${PODS_ROOT}/Manifest.lock\" > /dev/null\nif [ $? != 0 ] ; then\n    # print error to STDERR\n    echo \"error: The sandbox is not in sync with the Podfile.lock. Run 'pod install' or update your CocoaPods installation.\" >&2\n    exit 1\nfi\n# This output is used by Xcode 'outputs' to avoid re-running this script phase.\necho \"SUCCESS\" > \"${SCRIPT_OUTPUT_FILE_0}\"\n";
			showEnvVarsInLog = 0;
		};
		5FF2A95396C3809816EA84E9 /* [CP] Copy Pods Resources */ = {
			isa = PBXShellScriptBuildPhase;
			buildActionMask = 2147483647;
			files = (
			);
			inputPaths = (
			);
			name = "[CP] Copy Pods Resources";
			outputPaths = (
			);
			runOnlyForDeploymentPostprocessing = 0;
			shellPath = /bin/sh;
			shellScript = "\"${SRCROOT}/Pods/Target Support Files/Pods-HLHJVoteSDK/Pods-HLHJVoteSDK-resources.sh\"\n";
			showEnvVarsInLog = 0;
		};
/* End PBXShellScriptBuildPhase section */

/* Begin PBXSourcesBuildPhase section */
		04386CFC2117D6F700C4BF2D /* Sources */ = {
			isa = PBXSourcesBuildPhase;
			buildActionMask = 2147483647;
			files = (
				043DA11621226E58009C7A3F /* HLHJVoteActivityDetilModel.m in Sources */,
				04DA0E2F2126C96800397C8E /* HLHJVoteShareModel.m in Sources */,
				04269AA521196FDC009251DD /* HLHJVotePayController.m in Sources */,
				043DA11A2122701F009C7A3F /* HLHJUUID.m in Sources */,
				044493B8212E5040003ADC84 /* HLHJNavBarView.m in Sources */,
				04269A8A211930D9009251DD /* UIView+HLHJGradient.m in Sources */,
				04555DFF21218ADC0025047E /* HLHJIPAddressConfig.m in Sources */,
				04BA4DD9212D3C9E00A87CE1 /* HLHJSingupSuccesView.m in Sources */,
				04269A8F211931E2009251DD /* HLHJSingupContentView.m in Sources */,
				04B92DCB212520BF007B81A1 /* UIImage+HLHJExtension.m in Sources */,
				04269A8721192C60009251DD /* HLHJSingupHeadView.m in Sources */,
				04F9380521181442003C3320 /* HLHJBaseController.m in Sources */,
				04269A9D21194899009251DD /* HLHJVoteRuleView.m in Sources */,
				04B92DD021254B7F007B81A1 /* NSString+HLHJExtention.m in Sources */,
				04B9665E21185335001F3DBC /* HLHJSignupController.m in Sources */,
				04F937FD2117FC77003C3320 /* HLHJVoteListController.m in Sources */,
				04269A952119406C009251DD /* HLHJVoteToast.m in Sources */,
				04269AA921197BE0009251DD /* HLHJPaySowView.m in Sources */,
				042FD7B42123F3EF00E38AE0 /* HLHJAlertViewTools.m in Sources */,
				043DA112212264A7009C7A3F /* HLHJVoteCompetitorListModel.m in Sources */,
				04269AA121194E5F009251DD /* HLHJVoteRuleTableCell.m in Sources */,
				04B9665A21184397001F3DBC /* HLHJSeeDetilView.m in Sources */,
				04555DEE212182630025047E /* HLHJVoteNetWorkTool.m in Sources */,
				04F9381D21182D65003C3320 /* HLHJVoteController.m in Sources */,
				04F9380F21181A7B003C3320 /* HLHJVoteListCell.m in Sources */,
				04727DFC211A7D4B00493478 /* HLHJVoteSearchListView.m in Sources */,
				04F9382121182E48003C3320 /* HLHJVoteHeadView.m in Sources */,
				04F93819211825FB003C3320 /* HLHJVoteCollectionCell.m in Sources */,
				04B92DC721251EA9007B81A1 /* UIImageView+HLHJExtension.m in Sources */,
				04555DF22121845F0025047E /* HLHJVoteActivtyListModel.m in Sources */,
				04269A99211940CD009251DD /* UIColor+HLHJVoteHex.m in Sources */,
			);
			runOnlyForDeploymentPostprocessing = 0;
		};
/* End PBXSourcesBuildPhase section */

/* Begin XCBuildConfiguration section */
		04386D072117D6F700C4BF2D /* Debug */ = {
			isa = XCBuildConfiguration;
			buildSettings = {
				ALWAYS_SEARCH_USER_PATHS = NO;
				CLANG_ANALYZER_NONNULL = YES;
				CLANG_ANALYZER_NUMBER_OBJECT_CONVERSION = YES_AGGRESSIVE;
				CLANG_CXX_LANGUAGE_STANDARD = "gnu++14";
				CLANG_CXX_LIBRARY = "libc++";
				CLANG_ENABLE_MODULES = YES;
				CLANG_ENABLE_OBJC_ARC = YES;
				CLANG_ENABLE_OBJC_WEAK = YES;
				CLANG_WARN_BLOCK_CAPTURE_AUTORELEASING = YES;
				CLANG_WARN_BOOL_CONVERSION = YES;
				CLANG_WARN_COMMA = YES;
				CLANG_WARN_CONSTANT_CONVERSION = YES;
				CLANG_WARN_DEPRECATED_OBJC_IMPLEMENTATIONS = YES;
				CLANG_WARN_DIRECT_OBJC_ISA_USAGE = YES_ERROR;
				CLANG_WARN_DOCUMENTATION_COMMENTS = YES;
				CLANG_WARN_EMPTY_BODY = YES;
				CLANG_WARN_ENUM_CONVERSION = YES;
				CLANG_WARN_INFINITE_RECURSION = YES;
				CLANG_WARN_INT_CONVERSION = YES;
				CLANG_WARN_NON_LITERAL_NULL_CONVERSION = YES;
				CLANG_WARN_OBJC_IMPLICIT_RETAIN_SELF = YES;
				CLANG_WARN_OBJC_LITERAL_CONVERSION = YES;
				CLANG_WARN_OBJC_ROOT_CLASS = YES_ERROR;
				CLANG_WARN_RANGE_LOOP_ANALYSIS = YES;
				CLANG_WARN_STRICT_PROTOTYPES = YES;
				CLANG_WARN_SUSPICIOUS_MOVE = YES;
				CLANG_WARN_UNGUARDED_AVAILABILITY = YES_AGGRESSIVE;
				CLANG_WARN_UNREACHABLE_CODE = YES;
				CLANG_WARN__DUPLICATE_METHOD_MATCH = YES;
				CODE_SIGN_IDENTITY = "iPhone Developer";
				COPY_PHASE_STRIP = NO;
				CURRENT_PROJECT_VERSION = 1;
				DEBUG_INFORMATION_FORMAT = dwarf;
				ENABLE_STRICT_OBJC_MSGSEND = YES;
				ENABLE_TESTABILITY = YES;
				GCC_C_LANGUAGE_STANDARD = gnu11;
				GCC_DYNAMIC_NO_PIC = NO;
				GCC_NO_COMMON_BLOCKS = YES;
				GCC_OPTIMIZATION_LEVEL = 0;
				GCC_PREPROCESSOR_DEFINITIONS = (
					"DEBUG=1",
					"$(inherited)",
				);
				GCC_WARN_64_TO_32_BIT_CONVERSION = YES;
				GCC_WARN_ABOUT_RETURN_TYPE = YES_ERROR;
				GCC_WARN_UNDECLARED_SELECTOR = YES;
				GCC_WARN_UNINITIALIZED_AUTOS = YES_AGGRESSIVE;
				GCC_WARN_UNUSED_FUNCTION = YES;
				GCC_WARN_UNUSED_VARIABLE = YES;
				IPHONEOS_DEPLOYMENT_TARGET = 11.4;
				MTL_ENABLE_DEBUG_INFO = YES;
				ONLY_ACTIVE_ARCH = YES;
				SDKROOT = iphoneos;
				VERSIONING_SYSTEM = "apple-generic";
				VERSION_INFO_PREFIX = "";
			};
			name = Debug;
		};
		04386D082117D6F700C4BF2D /* Release */ = {
			isa = XCBuildConfiguration;
			buildSettings = {
				ALWAYS_SEARCH_USER_PATHS = NO;
				CLANG_ANALYZER_NONNULL = YES;
				CLANG_ANALYZER_NUMBER_OBJECT_CONVERSION = YES_AGGRESSIVE;
				CLANG_CXX_LANGUAGE_STANDARD = "gnu++14";
				CLANG_CXX_LIBRARY = "libc++";
				CLANG_ENABLE_MODULES = YES;
				CLANG_ENABLE_OBJC_ARC = YES;
				CLANG_ENABLE_OBJC_WEAK = YES;
				CLANG_WARN_BLOCK_CAPTURE_AUTORELEASING = YES;
				CLANG_WARN_BOOL_CONVERSION = YES;
				CLANG_WARN_COMMA = YES;
				CLANG_WARN_CONSTANT_CONVERSION = YES;
				CLANG_WARN_DEPRECATED_OBJC_IMPLEMENTATIONS = YES;
				CLANG_WARN_DIRECT_OBJC_ISA_USAGE = YES_ERROR;
				CLANG_WARN_DOCUMENTATION_COMMENTS = YES;
				CLANG_WARN_EMPTY_BODY = YES;
				CLANG_WARN_ENUM_CONVERSION = YES;
				CLANG_WARN_INFINITE_RECURSION = YES;
				CLANG_WARN_INT_CONVERSION = YES;
				CLANG_WARN_NON_LITERAL_NULL_CONVERSION = YES;
				CLANG_WARN_OBJC_IMPLICIT_RETAIN_SELF = YES;
				CLANG_WARN_OBJC_LITERAL_CONVERSION = YES;
				CLANG_WARN_OBJC_ROOT_CLASS = YES_ERROR;
				CLANG_WARN_RANGE_LOOP_ANALYSIS = YES;
				CLANG_WARN_STRICT_PROTOTYPES = YES;
				CLANG_WARN_SUSPICIOUS_MOVE = YES;
				CLANG_WARN_UNGUARDED_AVAILABILITY = YES_AGGRESSIVE;
				CLANG_WARN_UNREACHABLE_CODE = YES;
				CLANG_WARN__DUPLICATE_METHOD_MATCH = YES;
				CODE_SIGN_IDENTITY = "iPhone Developer";
				COPY_PHASE_STRIP = NO;
				CURRENT_PROJECT_VERSION = 1;
				DEBUG_INFORMATION_FORMAT = "dwarf-with-dsym";
				ENABLE_NS_ASSERTIONS = NO;
				ENABLE_STRICT_OBJC_MSGSEND = YES;
				GCC_C_LANGUAGE_STANDARD = gnu11;
				GCC_NO_COMMON_BLOCKS = YES;
				GCC_WARN_64_TO_32_BIT_CONVERSION = YES;
				GCC_WARN_ABOUT_RETURN_TYPE = YES_ERROR;
				GCC_WARN_UNDECLARED_SELECTOR = YES;
				GCC_WARN_UNINITIALIZED_AUTOS = YES_AGGRESSIVE;
				GCC_WARN_UNUSED_FUNCTION = YES;
				GCC_WARN_UNUSED_VARIABLE = YES;
				IPHONEOS_DEPLOYMENT_TARGET = 11.4;
				MTL_ENABLE_DEBUG_INFO = NO;
				SDKROOT = iphoneos;
				VALIDATE_PRODUCT = YES;
				VERSIONING_SYSTEM = "apple-generic";
				VERSION_INFO_PREFIX = "";
			};
			name = Release;
		};
		04386D0A2117D6F700C4BF2D /* Debug */ = {
			isa = XCBuildConfiguration;
			baseConfigurationReference = DE91167909BB4FD21D2E99E6 /* Pods-HLHJVoteSDK.debug.xcconfig */;
			buildSettings = {
				ARCHS = (
					"$(ARCHS_STANDARD)",
					armv7s,
				);
				CODE_SIGN_IDENTITY = "";
				CODE_SIGN_STYLE = Automatic;
				DEFINES_MODULE = YES;
				DEVELOPMENT_TEAM = REZMV5LYTN;
				DYLIB_COMPATIBILITY_VERSION = 1;
				DYLIB_CURRENT_VERSION = 1;
				DYLIB_INSTALL_NAME_BASE = "@rpath";
				FRAMEWORK_SEARCH_PATHS = (
					"$(inherited)",
					"$(PROJECT_DIR)/HLHJVoteSDK/Vendrors/Base",
					"$(PROJECT_DIR)/HLHJVoteSDK/Vendrors/TMShareSdk",
				);
				GCC_PREFIX_HEADER = HLHJVoteSDK/Config/HLHJPrefixHeader.pch;
				INFOPLIST_FILE = HLHJVoteSDK/Info.plist;
				INSTALL_PATH = "$(LOCAL_LIBRARY_DIR)/Frameworks";
				IPHONEOS_DEPLOYMENT_TARGET = 9.0;
				LD_RUNPATH_SEARCH_PATHS = (
					"$(inherited)",
					"@executable_path/Frameworks",
					"@loader_path/Frameworks",
				);
				LINK_WITH_STANDARD_LIBRARIES = NO;
				MACH_O_TYPE = staticlib;
				ONLY_ACTIVE_ARCH = NO;
				PRODUCT_BUNDLE_IDENTIFIER = com.hlhj.HLHJVoteSDK;
				PRODUCT_NAME = "$(TARGET_NAME:c99extidentifier)";
				SKIP_INSTALL = YES;
				TARGETED_DEVICE_FAMILY = "1,2";
				USER_HEADER_SEARCH_PATHS = "$(PODS_ROOT)/**";
			};
			name = Debug;
		};
		04386D0B2117D6F700C4BF2D /* Release */ = {
			isa = XCBuildConfiguration;
			baseConfigurationReference = 227FF31EA7C40A89712487F6 /* Pods-HLHJVoteSDK.release.xcconfig */;
			buildSettings = {
				ARCHS = (
					"$(ARCHS_STANDARD)",
					armv7s,
				);
				CODE_SIGN_IDENTITY = "";
				CODE_SIGN_STYLE = Automatic;
				DEFINES_MODULE = YES;
				DEVELOPMENT_TEAM = REZMV5LYTN;
				DYLIB_COMPATIBILITY_VERSION = 1;
				DYLIB_CURRENT_VERSION = 1;
				DYLIB_INSTALL_NAME_BASE = "@rpath";
				FRAMEWORK_SEARCH_PATHS = (
					"$(inherited)",
					"$(PROJECT_DIR)/HLHJVoteSDK/Vendrors/Base",
					"$(PROJECT_DIR)/HLHJVoteSDK/Vendrors/TMShareSdk",
				);
				GCC_PREFIX_HEADER = HLHJVoteSDK/Config/HLHJPrefixHeader.pch;
				INFOPLIST_FILE = HLHJVoteSDK/Info.plist;
				INSTALL_PATH = "$(LOCAL_LIBRARY_DIR)/Frameworks";
				IPHONEOS_DEPLOYMENT_TARGET = 9.0;
				LD_RUNPATH_SEARCH_PATHS = (
					"$(inherited)",
					"@executable_path/Frameworks",
					"@loader_path/Frameworks",
				);
				LINK_WITH_STANDARD_LIBRARIES = NO;
				MACH_O_TYPE = staticlib;
				ONLY_ACTIVE_ARCH = NO;
				PRODUCT_BUNDLE_IDENTIFIER = com.hlhj.HLHJVoteSDK;
				PRODUCT_NAME = "$(TARGET_NAME:c99extidentifier)";
				SKIP_INSTALL = YES;
				TARGETED_DEVICE_FAMILY = "1,2";
				USER_HEADER_SEARCH_PATHS = "$(PODS_ROOT)/**";
			};
			name = Release;
		};
/* End XCBuildConfiguration section */

/* Begin XCConfigurationList section */
		04386CFB2117D6F700C4BF2D /* Build configuration list for PBXProject "HLHJVoteSDK" */ = {
			isa = XCConfigurationList;
			buildConfigurations = (
				04386D072117D6F700C4BF2D /* Debug */,
				04386D082117D6F700C4BF2D /* Release */,
			);
			defaultConfigurationIsVisible = 0;
			defaultConfigurationName = Release;
		};
		04386D092117D6F700C4BF2D /* Build configuration list for PBXNativeTarget "HLHJVoteSDK" */ = {
			isa = XCConfigurationList;
			buildConfigurations = (
				04386D0A2117D6F700C4BF2D /* Debug */,
				04386D0B2117D6F700C4BF2D /* Release */,
			);
			defaultConfigurationIsVisible = 0;
			defaultConfigurationName = Release;
		};
/* End XCConfigurationList section */
	};
	rootObject = 04386CF82117D6F700C4BF2D /* Project object */;
}
